
Microsoft Visual Studio Solution File, Format Version 12.00
# Visual Studio 15
VisualStudioVersion = 15.0.27004.2009
MinimumVisualStudioVersion = 10.0.40219.1
Project("{9A19103F-16F7-4668-BE54-9A1E7A4F7556}") = "Omi", "Omi.Host\Omi\Omi.csproj", "{1FA2D9EB-2473-4143-9109-AD07CA2D5B92}"
EndProject
Project("{2150E333-8FDC-42A3-9474-1A3956D46DE8}") = "Omi.Core", "Omi.Core", "{C00C14ED-8D76-444B-8FD4-1E6C38773417}"
EndProject
Project("{9A19103F-16F7-4668-BE54-9A1E7A4F7556}") = "Omi.Packages", "Omi.Core\Omi.Packages\Omi.Packages.csproj", "{116D2B44-7D51-4F87-BF7E-76930A8143B9}"
EndProject
Project("{9A19103F-16F7-4668-BE54-9A1E7A4F7556}") = "Omi.Data", "Omi.Core\Omi.Data\Omi.Data.csproj", "{CE267C0F-DCEF-44B4-8BEC-E213393BE2AA}"
EndProject
Project("{9A19103F-16F7-4668-BE54-9A1E7A4F7556}") = "Omi.Extensions", "Omi.Core\Omi.Extensions\Omi.Extensions.csproj", "{A37DF3D4-5F60-4F29-8769-E11D318E593A}"
EndProject
Project("{9A19103F-16F7-4668-BE54-9A1E7A4F7556}") = "Omi.Services", "Omi.Core\Omi.Services\Omi.Services.csproj", "{97026CF7-3B4C-4296-B2FA-AD7B1AAF9C4D}"
EndProject
Project("{2150E333-8FDC-42A3-9474-1A3956D46DE8}") = "Omi.Database", "Omi.Database", "{A18F7BB7-D96F-41BA-9F25-F0DFD4733BCE}"
EndProject
Project("{2150E333-8FDC-42A3-9474-1A3956D46DE8}") = "Omi.Host", "Omi.Host", "{CCC93428-B373-4F76-9C9C-8A1A0374A3AF}"
EndProject
Project("{2150E333-8FDC-42A3-9474-1A3956D46DE8}") = "Omi.Modules", "Omi.Modules", "{EC56F74E-68F0-4104-8F96-0CB79A39278D}"
EndProject
Project("{9A19103F-16F7-4668-BE54-9A1E7A4F7556}") = "Omi.Base", "Omi.Core\Omi.Base\Omi.Base.csproj", "{7E4C3E26-32FF-453B-B780-165822E11A2F}"
EndProject
Project("{9A19103F-16F7-4668-BE54-9A1E7A4F7556}") = "Omi.Modules.Accounts", "Omi.Modules\Omi.Modules.Accounts\Omi.Modules.Accounts.csproj", "{0704C2D3-A316-4190-8D6D-5F9E3EF83310}"
EndProject
Project("{9A19103F-16F7-4668-BE54-9A1E7A4F7556}") = "Omi.Modules.ModuleBase", "Omi.Modules\Omi.Modules.ModuleBase\Omi.Modules.ModuleBase.csproj", "{5E5F8ADC-D0E5-4427-B63F-4D6C1B6A1522}"
EndProject
Project("{9A19103F-16F7-4668-BE54-9A1E7A4F7556}") = "Omi.DatabaseDesign", "Omi.Database\Omi.DatabaseDesign\Omi.DatabaseDesign.csproj", "{E4C39C79-A88D-481D-BBE5-D67EA33B0D35}"
EndProject
Project("{9A19103F-16F7-4668-BE54-9A1E7A4F7556}") = "Omi.Modular", "Omi.Core\Omi.Modular\Omi.Modular.csproj", "{6FDC450D-16BC-4774-8211-EED7942EDB9D}"
EndProject
Project("{9A19103F-16F7-4668-BE54-9A1E7A4F7556}") = "Omi.Modules.FileAndMedia", "Omi.Modules\Omi.Modules.FileAndMedia\Omi.Modules.FileAndMedia.csproj", "{17E6C32D-1502-4539-AEF8-900116A032DB}"
EndProject
Project("{9A19103F-16F7-4668-BE54-9A1E7A4F7556}") = "Omi.Modules.Location", "Omi.Modules\Omi.Modules.Location\Omi.Modules.Location.csproj", "{DD15569D-FC49-42DD-9798-16FBBD98F62E}"
EndProject
Project("{2150E333-8FDC-42A3-9474-1A3956D46DE8}") = "Domain", "Domain", "{80FF66BE-99ED-4FEC-92B8-C25DB4A846C5}"
EndProject
Project("{2150E333-8FDC-42A3-9474-1A3956D46DE8}") = "System", "System", "{948184FC-56BA-410F-A7CE-E783B6B836F6}"
EndProject
Project("{9A19103F-16F7-4668-BE54-9A1E7A4F7556}") = "Omi.Modules.Setting", "Omi.Modules\Omi.Modules.Setting\Omi.Modules.Setting.csproj", "{CC7B63F0-474F-4971-BA01-6B69E3DD6F4C}"
EndProject
Project("{9A19103F-16F7-4668-BE54-9A1E7A4F7556}") = "Omi.DatabaseDesignHost", "Omi.Database\Omi.DatabaseDesignHost\Omi.DatabaseDesignHost.csproj", "{57E0DC7B-CC2E-443C-A812-383F0729338E}"
EndProject
Project("{9A19103F-16F7-4668-BE54-9A1E7A4F7556}") = "Omi.Modules.HomeBuilder", "Omi.Modules\Omi.Modules.HomeBuilder\Omi.Modules.HomeBuilder.csproj", "{66108958-866C-44CF-BD3F-03EF750742B1}"
EndProject
Project("{9A19103F-16F7-4668-BE54-9A1E7A4F7556}") = "Omi.Modules.Ecommerce", "Omi.Modules\Omi.Modules.Ecommerce\Omi.Modules.Ecommerce.csproj", "{252462F5-805C-4ED3-BB72-2ADAC5633A33}"
EndProject
Project("{9A19103F-16F7-4668-BE54-9A1E7A4F7556}") = "Omi.Modules.HomeBuilder.Settings", "Omi.Modules\Omi.Modules.HomeBuilder.Settings\Omi.Modules.HomeBuilder.Settings.csproj", "{3B46BF35-84A7-4E1A-90B0-4855FA489F47}"
EndProject
Project("{FAE04EC0-301F-11D3-BF4B-00C04F79EFBC}") = "Omi.Modules.Blog", "Omi.Modules\Omi.Modules.Blog\Omi.Modules.Blog.csproj", "{FB9D7A89-1318-4D0A-B23C-EE588373BAC5}"
EndProject
Global
	GlobalSection(SolutionConfigurationPlatforms) = preSolution
		Debug|Any CPU = Debug|Any CPU
		Release|Any CPU = Release|Any CPU
	EndGlobalSection
	GlobalSection(ProjectConfigurationPlatforms) = postSolution
		{1FA2D9EB-2473-4143-9109-AD07CA2D5B92}.Debug|Any CPU.ActiveCfg = Debug|Any CPU
		{1FA2D9EB-2473-4143-9109-AD07CA2D5B92}.Debug|Any CPU.Build.0 = Debug|Any CPU
		{1FA2D9EB-2473-4143-9109-AD07CA2D5B92}.Release|Any CPU.ActiveCfg = Release|Any CPU
		{1FA2D9EB-2473-4143-9109-AD07CA2D5B92}.Release|Any CPU.Build.0 = Release|Any CPU
		{116D2B44-7D51-4F87-BF7E-76930A8143B9}.Debug|Any CPU.ActiveCfg = Debug|Any CPU
		{116D2B44-7D51-4F87-BF7E-76930A8143B9}.Debug|Any CPU.Build.0 = Debug|Any CPU
		{116D2B44-7D51-4F87-BF7E-76930A8143B9}.Release|Any CPU.ActiveCfg = Release|Any CPU
		{116D2B44-7D51-4F87-BF7E-76930A8143B9}.Release|Any CPU.Build.0 = Release|Any CPU
		{CE267C0F-DCEF-44B4-8BEC-E213393BE2AA}.Debug|Any CPU.ActiveCfg = Debug|Any CPU
		{CE267C0F-DCEF-44B4-8BEC-E213393BE2AA}.Debug|Any CPU.Build.0 = Debug|Any CPU
		{CE267C0F-DCEF-44B4-8BEC-E213393BE2AA}.Release|Any CPU.ActiveCfg = Release|Any CPU
		{CE267C0F-DCEF-44B4-8BEC-E213393BE2AA}.Release|Any CPU.Build.0 = Release|Any CPU
		{A37DF3D4-5F60-4F29-8769-E11D318E593A}.Debug|Any CPU.ActiveCfg = Debug|Any CPU
		{A37DF3D4-5F60-4F29-8769-E11D318E593A}.Debug|Any CPU.Build.0 = Debug|Any CPU
		{A37DF3D4-5F60-4F29-8769-E11D318E593A}.Release|Any CPU.ActiveCfg = Release|Any CPU
		{A37DF3D4-5F60-4F29-8769-E11D318E593A}.Release|Any CPU.Build.0 = Release|Any CPU
		{97026CF7-3B4C-4296-B2FA-AD7B1AAF9C4D}.Debug|Any CPU.ActiveCfg = Debug|Any CPU
		{97026CF7-3B4C-4296-B2FA-AD7B1AAF9C4D}.Debug|Any CPU.Build.0 = Debug|Any CPU
		{97026CF7-3B4C-4296-B2FA-AD7B1AAF9C4D}.Release|Any CPU.ActiveCfg = Release|Any CPU
		{97026CF7-3B4C-4296-B2FA-AD7B1AAF9C4D}.Release|Any CPU.Build.0 = Release|Any CPU
		{7E4C3E26-32FF-453B-B780-165822E11A2F}.Debug|Any CPU.ActiveCfg = Debug|Any CPU
		{7E4C3E26-32FF-453B-B780-165822E11A2F}.Debug|Any CPU.Build.0 = Debug|Any CPU
		{7E4C3E26-32FF-453B-B780-165822E11A2F}.Release|Any CPU.ActiveCfg = Release|Any CPU
		{7E4C3E26-32FF-453B-B780-165822E11A2F}.Release|Any CPU.Build.0 = Release|Any CPU
		{0704C2D3-A316-4190-8D6D-5F9E3EF83310}.Debug|Any CPU.ActiveCfg = Debug|Any CPU
		{0704C2D3-A316-4190-8D6D-5F9E3EF83310}.Debug|Any CPU.Build.0 = Debug|Any CPU
		{0704C2D3-A316-4190-8D6D-5F9E3EF83310}.Release|Any CPU.ActiveCfg = Release|Any CPU
		{0704C2D3-A316-4190-8D6D-5F9E3EF83310}.Release|Any CPU.Build.0 = Release|Any CPU
		{5E5F8ADC-D0E5-4427-B63F-4D6C1B6A1522}.Debug|Any CPU.ActiveCfg = Debug|Any CPU
		{5E5F8ADC-D0E5-4427-B63F-4D6C1B6A1522}.Debug|Any CPU.Build.0 = Debug|Any CPU
		{5E5F8ADC-D0E5-4427-B63F-4D6C1B6A1522}.Release|Any CPU.ActiveCfg = Release|Any CPU
		{5E5F8ADC-D0E5-4427-B63F-4D6C1B6A1522}.Release|Any CPU.Build.0 = Release|Any CPU
		{E4C39C79-A88D-481D-BBE5-D67EA33B0D35}.Debug|Any CPU.ActiveCfg = Debug|Any CPU
		{E4C39C79-A88D-481D-BBE5-D67EA33B0D35}.Debug|Any CPU.Build.0 = Debug|Any CPU
		{E4C39C79-A88D-481D-BBE5-D67EA33B0D35}.Release|Any CPU.ActiveCfg = Release|Any CPU
		{E4C39C79-A88D-481D-BBE5-D67EA33B0D35}.Release|Any CPU.Build.0 = Release|Any CPU
		{6FDC450D-16BC-4774-8211-EED7942EDB9D}.Debug|Any CPU.ActiveCfg = Debug|Any CPU
		{6FDC450D-16BC-4774-8211-EED7942EDB9D}.Debug|Any CPU.Build.0 = Debug|Any CPU
		{6FDC450D-16BC-4774-8211-EED7942EDB9D}.Release|Any CPU.ActiveCfg = Release|Any CPU
		{6FDC450D-16BC-4774-8211-EED7942EDB9D}.Release|Any CPU.Build.0 = Release|Any CPU
		{17E6C32D-1502-4539-AEF8-900116A032DB}.Debug|Any CPU.ActiveCfg = Debug|Any CPU
		{17E6C32D-1502-4539-AEF8-900116A032DB}.Debug|Any CPU.Build.0 = Debug|Any CPU
		{17E6C32D-1502-4539-AEF8-900116A032DB}.Release|Any CPU.ActiveCfg = Release|Any CPU
		{17E6C32D-1502-4539-AEF8-900116A032DB}.Release|Any CPU.Build.0 = Release|Any CPU
		{DD15569D-FC49-42DD-9798-16FBBD98F62E}.Debug|Any CPU.ActiveCfg = Debug|Any CPU
		{DD15569D-FC49-42DD-9798-16FBBD98F62E}.Debug|Any CPU.Build.0 = Debug|Any CPU
		{DD15569D-FC49-42DD-9798-16FBBD98F62E}.Release|Any CPU.ActiveCfg = Release|Any CPU
		{DD15569D-FC49-42DD-9798-16FBBD98F62E}.Release|Any CPU.Build.0 = Release|Any CPU
		{CC7B63F0-474F-4971-BA01-6B69E3DD6F4C}.Debug|Any CPU.ActiveCfg = Debug|Any CPU
		{CC7B63F0-474F-4971-BA01-6B69E3DD6F4C}.Debug|Any CPU.Build.0 = Debug|Any CPU
		{CC7B63F0-474F-4971-BA01-6B69E3DD6F4C}.Release|Any CPU.ActiveCfg = Release|Any CPU
		{CC7B63F0-474F-4971-BA01-6B69E3DD6F4C}.Release|Any CPU.Build.0 = Release|Any CPU
		{57E0DC7B-CC2E-443C-A812-383F0729338E}.Debug|Any CPU.ActiveCfg = Debug|Any CPU
		{57E0DC7B-CC2E-443C-A812-383F0729338E}.Debug|Any CPU.Build.0 = Debug|Any CPU
		{57E0DC7B-CC2E-443C-A812-383F0729338E}.Release|Any CPU.ActiveCfg = Release|Any CPU
		{57E0DC7B-CC2E-443C-A812-383F0729338E}.Release|Any CPU.Build.0 = Release|Any CPU
		{66108958-866C-44CF-BD3F-03EF750742B1}.Debug|Any CPU.ActiveCfg = Debug|Any CPU
		{66108958-866C-44CF-BD3F-03EF750742B1}.Debug|Any CPU.Build.0 = Debug|Any CPU
		{66108958-866C-44CF-BD3F-03EF750742B1}.Release|Any CPU.ActiveCfg = Release|Any CPU
		{66108958-866C-44CF-BD3F-03EF750742B1}.Release|Any CPU.Build.0 = Release|Any CPU
		{252462F5-805C-4ED3-BB72-2ADAC5633A33}.Debug|Any CPU.ActiveCfg = Debug|Any CPU
		{252462F5-805C-4ED3-BB72-2ADAC5633A33}.Debug|Any CPU.Build.0 = Debug|Any CPU
		{252462F5-805C-4ED3-BB72-2ADAC5633A33}.Release|Any CPU.ActiveCfg = Release|Any CPU
		{252462F5-805C-4ED3-BB72-2ADAC5633A33}.Release|Any CPU.Build.0 = Release|Any CPU
		{3B46BF35-84A7-4E1A-90B0-4855FA489F47}.Debug|Any CPU.ActiveCfg = Debug|Any CPU
		{3B46BF35-84A7-4E1A-90B0-4855FA489F47}.Debug|Any CPU.Build.0 = Debug|Any CPU
		{3B46BF35-84A7-4E1A-90B0-4855FA489F47}.Release|Any CPU.ActiveCfg = Release|Any CPU
		{3B46BF35-84A7-4E1A-90B0-4855FA489F47}.Release|Any CPU.Build.0 = Release|Any CPU
		{FB9D7A89-1318-4D0A-B23C-EE588373BAC5}.Debug|Any CPU.ActiveCfg = Debug|Any CPU
		{FB9D7A89-1318-4D0A-B23C-EE588373BAC5}.Debug|Any CPU.Build.0 = Debug|Any CPU
		{FB9D7A89-1318-4D0A-B23C-EE588373BAC5}.Release|Any CPU.ActiveCfg = Release|Any CPU
		{FB9D7A89-1318-4D0A-B23C-EE588373BAC5}.Release|Any CPU.Build.0 = Release|Any CPU
	EndGlobalSection
	GlobalSection(SolutionProperties) = preSolution
		HideSolutionNode = FALSE
	EndGlobalSection
	GlobalSection(NestedProjects) = preSolution
		{1FA2D9EB-2473-4143-9109-AD07CA2D5B92} = {CCC93428-B373-4F76-9C9C-8A1A0374A3AF}
		{116D2B44-7D51-4F87-BF7E-76930A8143B9} = {C00C14ED-8D76-444B-8FD4-1E6C38773417}
		{CE267C0F-DCEF-44B4-8BEC-E213393BE2AA} = {C00C14ED-8D76-444B-8FD4-1E6C38773417}
		{A37DF3D4-5F60-4F29-8769-E11D318E593A} = {C00C14ED-8D76-444B-8FD4-1E6C38773417}
		{97026CF7-3B4C-4296-B2FA-AD7B1AAF9C4D} = {C00C14ED-8D76-444B-8FD4-1E6C38773417}
		{7E4C3E26-32FF-453B-B780-165822E11A2F} = {C00C14ED-8D76-444B-8FD4-1E6C38773417}
		{0704C2D3-A316-4190-8D6D-5F9E3EF83310} = {948184FC-56BA-410F-A7CE-E783B6B836F6}
		{5E5F8ADC-D0E5-4427-B63F-4D6C1B6A1522} = {948184FC-56BA-410F-A7CE-E783B6B836F6}
		{E4C39C79-A88D-481D-BBE5-D67EA33B0D35} = {A18F7BB7-D96F-41BA-9F25-F0DFD4733BCE}
		{6FDC450D-16BC-4774-8211-EED7942EDB9D} = {C00C14ED-8D76-444B-8FD4-1E6C38773417}
		{17E6C32D-1502-4539-AEF8-900116A032DB} = {948184FC-56BA-410F-A7CE-E783B6B836F6}
		{DD15569D-FC49-42DD-9798-16FBBD98F62E} = {948184FC-56BA-410F-A7CE-E783B6B836F6}
		{80FF66BE-99ED-4FEC-92B8-C25DB4A846C5} = {EC56F74E-68F0-4104-8F96-0CB79A39278D}
		{948184FC-56BA-410F-A7CE-E783B6B836F6} = {EC56F74E-68F0-4104-8F96-0CB79A39278D}
		{CC7B63F0-474F-4971-BA01-6B69E3DD6F4C} = {948184FC-56BA-410F-A7CE-E783B6B836F6}
		{57E0DC7B-CC2E-443C-A812-383F0729338E} = {A18F7BB7-D96F-41BA-9F25-F0DFD4733BCE}
		{66108958-866C-44CF-BD3F-03EF750742B1} = {80FF66BE-99ED-4FEC-92B8-C25DB4A846C5}
		{252462F5-805C-4ED3-BB72-2ADAC5633A33} = {948184FC-56BA-410F-A7CE-E783B6B836F6}
		{3B46BF35-84A7-4E1A-90B0-4855FA489F47} = {80FF66BE-99ED-4FEC-92B8-C25DB4A846C5}
		{FB9D7A89-1318-4D0A-B23C-EE588373BAC5} = {948184FC-56BA-410F-A7CE-E783B6B836F6}
	EndGlobalSection
	GlobalSection(ExtensibilityGlobals) = postSolution
		SolutionGuid = {75E7F6C9-2D33-477B-B6FA-1236C7F932F7}
	EndGlobalSection
EndGlobal
